{
  "requires": true,
  "lockfileVersion": 1,
  "dependencies": {
    "css-vars-ponyfill": {
      "version": "2.2.1",
      "resolved": "https://registry.npmjs.org/css-vars-ponyfill/-/css-vars-ponyfill-2.2.1.tgz",
      "integrity": "sha512-bFdKEQbCtwoDl4/iPaqjGDMZRgnVn6k7c6XUlOrW+OzMIweWV6b5YbajR99dUiAsB1WpfbGGiiE9T1cnSh2pgA=="
    }
  }
}
